
Microsoft Visual Studio Solution File, Format Version 12.00
# Visual Studio 15
VisualStudioVersion = 15.0.28307.136
MinimumVisualStudioVersion = 10.0.40219.1
Project("{FAE04EC0-301F-11D3-BF4B-00C04F79EFBC}") = "Конвертер.Android", "Конвертер\Конвертер.Android\Конвертер.Android.csproj", "{BE7EE7EF-AEF7-4256-B4D2-30169E9C7734}"
EndProject
Project("{FAE04EC0-301F-11D3-BF4B-00C04F79EFBC}") = "Конвертер.iOS", "Конвертер\Конвертер.iOS\Конвертер.iOS.csproj", "{61C1F149-B246-43C5-BB21-B07F350C6F44}"
EndProject
Project("{FAE04EC0-301F-11D3-BF4B-00C04F79EFBC}") = "Конвертер.UWP", "Конвертер\Конвертер.UWP\Конвертер.UWP.csproj", "{5DD244C9-9D71-4783-B78E-4529A12FE51F}"
EndProject
Project("{FAE04EC0-301F-11D3-BF4B-00C04F79EFBC}") = "Конвертер", "Конвертер\Конвертер\Конвертер.csproj", "{15F2DE19-7087-4945-A3F2-8C22148A8014}"
EndProject
Global
	GlobalSection(SolutionConfigurationPlatforms) = preSolution
		Ad-Hoc|Any CPU = Ad-Hoc|Any CPU
		Ad-Hoc|ARM = Ad-Hoc|ARM
		Ad-Hoc|iPhone = Ad-Hoc|iPhone
		Ad-Hoc|iPhoneSimulator = Ad-Hoc|iPhoneSimulator
		Ad-Hoc|x64 = Ad-Hoc|x64
		Ad-Hoc|x86 = Ad-Hoc|x86
		AppStore|Any CPU = AppStore|Any CPU
		AppStore|ARM = AppStore|ARM
		AppStore|iPhone = AppStore|iPhone
		AppStore|iPhoneSimulator = AppStore|iPhoneSimulator
		AppStore|x64 = AppStore|x64
		AppStore|x86 = AppStore|x86
		Debug|Any CPU = Debug|Any CPU
		Debug|ARM = Debug|ARM
		Debug|iPhone = Debug|iPhone
		Debug|iPhoneSimulator = Debug|iPhoneSimulator
		Debug|x64 = Debug|x64
		Debug|x86 = Debug|x86
		Release|Any CPU = Release|Any CPU
		Release|ARM = Release|ARM
		Release|iPhone = Release|iPhone
		Release|iPhoneSimulator = Release|iPhoneSimulator
		Release|x64 = Release|x64
		Release|x86 = Release|x86
	EndGlobalSection
	GlobalSection(ProjectConfigurationPlatforms) = postSolution
		{BE7EE7EF-AEF7-4256-B4D2-30169E9C7734}.Ad-Hoc|Any CPU.ActiveCfg = Release|Any CPU
		{BE7EE7EF-AEF7-4256-B4D2-30169E9C7734}.Ad-Hoc|Any CPU.Build.0 = Release|Any CPU
		{BE7EE7EF-AEF7-4256-B4D2-30169E9C7734}.Ad-Hoc|Any CPU.Deploy.0 = Release|Any CPU
		{BE7EE7EF-AEF7-4256-B4D2-30169E9C7734}.Ad-Hoc|ARM.ActiveCfg = Release|Any CPU
		{BE7EE7EF-AEF7-4256-B4D2-30169E9C7734}.Ad-Hoc|ARM.Build.0 = Release|Any CPU
		{BE7EE7EF-AEF7-4256-B4D2-30169E9C7734}.Ad-Hoc|ARM.Deploy.0 = Release|Any CPU
		{BE7EE7EF-AEF7-4256-B4D2-30169E9C7734}.Ad-Hoc|iPhone.ActiveCfg = Release|Any CPU
		{BE7EE7EF-AEF7-4256-B4D2-30169E9C7734}.Ad-Hoc|iPhone.Build.0 = Release|Any CPU
		{BE7EE7EF-AEF7-4256-B4D2-30169E9C7734}.Ad-Hoc|iPhone.Deploy.0 = Release|Any CPU
		{BE7EE7EF-AEF7-4256-B4D2-30169E9C7734}.Ad-Hoc|iPhoneSimulator.ActiveCfg = Release|Any CPU
		{BE7EE7EF-AEF7-4256-B4D2-30169E9C7734}.Ad-Hoc|iPhoneSimulator.Build.0 = Release|Any CPU
		{BE7EE7EF-AEF7-4256-B4D2-30169E9C7734}.Ad-Hoc|iPhoneSimulator.Deploy.0 = Release|Any CPU
		{BE7EE7EF-AEF7-4256-B4D2-30169E9C7734}.Ad-Hoc|x64.ActiveCfg = Release|Any CPU
		{BE7EE7EF-AEF7-4256-B4D2-30169E9C7734}.Ad-Hoc|x64.Build.0 = Release|Any CPU
		{BE7EE7EF-AEF7-4256-B4D2-30169E9C7734}.Ad-Hoc|x64.Deploy.0 = Release|Any CPU
		{BE7EE7EF-AEF7-4256-B4D2-30169E9C7734}.Ad-Hoc|x86.ActiveCfg = Release|Any CPU
		{BE7EE7EF-AEF7-4256-B4D2-30169E9C7734}.Ad-Hoc|x86.Build.0 = Release|Any CPU
		{BE7EE7EF-AEF7-4256-B4D2-30169E9C7734}.Ad-Hoc|x86.Deploy.0 = Release|Any CPU
		{BE7EE7EF-AEF7-4256-B4D2-30169E9C7734}.AppStore|Any CPU.ActiveCfg = Release|Any CPU
		{BE7EE7EF-AEF7-4256-B4D2-30169E9C7734}.AppStore|Any CPU.Build.0 = Release|Any CPU
		{BE7EE7EF-AEF7-4256-B4D2-30169E9C7734}.AppStore|Any CPU.Deploy.0 = Release|Any CPU
		{BE7EE7EF-AEF7-4256-B4D2-30169E9C7734}.AppStore|ARM.ActiveCfg = Release|Any CPU
		{BE7EE7EF-AEF7-4256-B4D2-30169E9C7734}.AppStore|ARM.Build.0 = Release|Any CPU
		{BE7EE7EF-AEF7-4256-B4D2-30169E9C7734}.AppStore|ARM.Deploy.0 = Release|Any CPU
		{BE7EE7EF-AEF7-4256-B4D2-30169E9C7734}.AppStore|iPhone.ActiveCfg = Release|Any CPU
		{BE7EE7EF-AEF7-4256-B4D2-30169E9C7734}.AppStore|iPhone.Build.0 = Release|Any CPU
		{BE7EE7EF-AEF7-4256-B4D2-30169E9C7734}.AppStore|iPhone.Deploy.0 = Release|Any CPU
		{BE7EE7EF-AEF7-4256-B4D2-30169E9C7734}.AppStore|iPhoneSimulator.ActiveCfg = Release|Any CPU
		{BE7EE7EF-AEF7-4256-B4D2-30169E9C7734}.AppStore|iPhoneSimulator.Build.0 = Release|Any CPU
		{BE7EE7EF-AEF7-4256-B4D2-30169E9C7734}.AppStore|iPhoneSimulator.Deploy.0 = Release|Any CPU
		{BE7EE7EF-AEF7-4256-B4D2-30169E9C7734}.AppStore|x64.ActiveCfg = Release|Any CPU
		{BE7EE7EF-AEF7-4256-B4D2-30169E9C7734}.AppStore|x64.Build.0 = Release|Any CPU
		{BE7EE7EF-AEF7-4256-B4D2-30169E9C7734}.AppStore|x64.Deploy.0 = Release|Any CPU
		{BE7EE7EF-AEF7-4256-B4D2-30169E9C7734}.AppStore|x86.ActiveCfg = Release|Any CPU
		{BE7EE7EF-AEF7-4256-B4D2-30169E9C7734}.AppStore|x86.Build.0 = Release|Any CPU
		{BE7EE7EF-AEF7-4256-B4D2-30169E9C7734}.AppStore|x86.Deploy.0 = Release|Any CPU
		{BE7EE7EF-AEF7-4256-B4D2-30169E9C7734}.Debug|Any CPU.ActiveCfg = Debug|Any CPU
		{BE7EE7EF-AEF7-4256-B4D2-30169E9C7734}.Debug|Any CPU.Build.0 = Debug|Any CPU
		{BE7EE7EF-AEF7-4256-B4D2-30169E9C7734}.Debug|Any CPU.Deploy.0 = Debug|Any CPU
		{BE7EE7EF-AEF7-4256-B4D2-30169E9C7734}.Debug|ARM.ActiveCfg = Debug|Any CPU
		{BE7EE7EF-AEF7-4256-B4D2-30169E9C7734}.Debug|ARM.Build.0 = Debug|Any CPU
		{BE7EE7EF-AEF7-4256-B4D2-30169E9C7734}.Debug|ARM.Deploy.0 = Debug|Any CPU
		{BE7EE7EF-AEF7-4256-B4D2-30169E9C7734}.Debug|iPhone.ActiveCfg = Debug|Any CPU
		{BE7EE7EF-AEF7-4256-B4D2-30169E9C7734}.Debug|iPhone.Build.0 = Debug|Any CPU
		{BE7EE7EF-AEF7-4256-B4D2-30169E9C7734}.Debug|iPhone.Deploy.0 = Debug|Any CPU
		{BE7EE7EF-AEF7-4256-B4D2-30169E9C7734}.Debug|iPhoneSimulator.ActiveCfg = Debug|Any CPU
		{BE7EE7EF-AEF7-4256-B4D2-30169E9C7734}.Debug|iPhoneSimulator.Build.0 = Debug|Any CPU
		{BE7EE7EF-AEF7-4256-B4D2-30169E9C7734}.Debug|iPhoneSimulator.Deploy.0 = Debug|Any CPU
		{BE7EE7EF-AEF7-4256-B4D2-30169E9C7734}.Debug|x64.ActiveCfg = Debug|Any CPU
		{BE7EE7EF-AEF7-4256-B4D2-30169E9C7734}.Debug|x64.Build.0 = Debug|Any CPU
		{BE7EE7EF-AEF7-4256-B4D2-30169E9C7734}.Debug|x64.Deploy.0 = Debug|Any CPU
		{BE7EE7EF-AEF7-4256-B4D2-30169E9C7734}.Debug|x86.ActiveCfg = Debug|Any CPU
		{BE7EE7EF-AEF7-4256-B4D2-30169E9C7734}.Debug|x86.Build.0 = Debug|Any CPU
		{BE7EE7EF-AEF7-4256-B4D2-30169E9C7734}.Debug|x86.Deploy.0 = Debug|Any CPU
		{BE7EE7EF-AEF7-4256-B4D2-30169E9C7734}.Release|Any CPU.ActiveCfg = Release|Any CPU
		{BE7EE7EF-AEF7-4256-B4D2-30169E9C7734}.Release|Any CPU.Build.0 = Release|Any CPU
		{BE7EE7EF-AEF7-4256-B4D2-30169E9C7734}.Release|Any CPU.Deploy.0 = Release|Any CPU
		{BE7EE7EF-AEF7-4256-B4D2-30169E9C7734}.Release|ARM.ActiveCfg = Release|Any CPU
		{BE7EE7EF-AEF7-4256-B4D2-30169E9C7734}.Release|ARM.Build.0 = Release|Any CPU
		{BE7EE7EF-AEF7-4256-B4D2-30169E9C7734}.Release|ARM.Deploy.0 = Release|Any CPU
		{BE7EE7EF-AEF7-4256-B4D2-30169E9C7734}.Release|iPhone.ActiveCfg = Release|Any CPU
		{BE7EE7EF-AEF7-4256-B4D2-30169E9C7734}.Release|iPhone.Build.0 = Release|Any CPU
		{BE7EE7EF-AEF7-4256-B4D2-30169E9C7734}.Release|iPhone.Deploy.0 = Release|Any CPU
		{BE7EE7EF-AEF7-4256-B4D2-30169E9C7734}.Release|iPhoneSimulator.ActiveCfg = Release|Any CPU
		{BE7EE7EF-AEF7-4256-B4D2-30169E9C7734}.Release|iPhoneSimulator.Build.0 = Release|Any CPU
		{BE7EE7EF-AEF7-4256-B4D2-30169E9C7734}.Release|iPhoneSimulator.Deploy.0 = Release|Any CPU
		{BE7EE7EF-AEF7-4256-B4D2-30169E9C7734}.Release|x64.ActiveCfg = Release|Any CPU
		{BE7EE7EF-AEF7-4256-B4D2-30169E9C7734}.Release|x64.Build.0 = Release|Any CPU
		{BE7EE7EF-AEF7-4256-B4D2-30169E9C7734}.Release|x64.Deploy.0 = Release|Any CPU
		{BE7EE7EF-AEF7-4256-B4D2-30169E9C7734}.Release|x86.ActiveCfg = Release|Any CPU
		{BE7EE7EF-AEF7-4256-B4D2-30169E9C7734}.Release|x86.Build.0 = Release|Any CPU
		{BE7EE7EF-AEF7-4256-B4D2-30169E9C7734}.Release|x86.Deploy.0 = Release|Any CPU
		{61C1F149-B246-43C5-BB21-B07F350C6F44}.Ad-Hoc|Any CPU.ActiveCfg = Ad-Hoc|iPhone
		{61C1F149-B246-43C5-BB21-B07F350C6F44}.Ad-Hoc|Any CPU.Build.0 = Ad-Hoc|iPhone
		{61C1F149-B246-43C5-BB21-B07F350C6F44}.Ad-Hoc|Any CPU.Deploy.0 = Ad-Hoc|iPhone
		{61C1F149-B246-43C5-BB21-B07F350C6F44}.Ad-Hoc|ARM.ActiveCfg = Ad-Hoc|iPhone
		{61C1F149-B246-43C5-BB21-B07F350C6F44}.Ad-Hoc|ARM.Build.0 = Ad-Hoc|iPhone
		{61C1F149-B246-43C5-BB21-B07F350C6F44}.Ad-Hoc|ARM.Deploy.0 = Ad-Hoc|iPhone
		{61C1F149-B246-43C5-BB21-B07F350C6F44}.Ad-Hoc|iPhone.ActiveCfg = Ad-Hoc|iPhone
		{61C1F149-B246-43C5-BB21-B07F350C6F44}.Ad-Hoc|iPhone.Build.0 = Ad-Hoc|iPhone
		{61C1F149-B246-43C5-BB21-B07F350C6F44}.Ad-Hoc|iPhone.Deploy.0 = Ad-Hoc|iPhone
		{61C1F149-B246-43C5-BB21-B07F350C6F44}.Ad-Hoc|iPhoneSimulator.ActiveCfg = Ad-Hoc|iPhoneSimulator
		{61C1F149-B246-43C5-BB21-B07F350C6F44}.Ad-Hoc|iPhoneSimulator.Build.0 = Ad-Hoc|iPhoneSimulator
		{61C1F149-B246-43C5-BB21-B07F350C6F44}.Ad-Hoc|iPhoneSimulator.Deploy.0 = Ad-Hoc|iPhoneSimulator
		{61C1F149-B246-43C5-BB21-B07F350C6F44}.Ad-Hoc|x64.ActiveCfg = Ad-Hoc|iPhone
		{61C1F149-B246-43C5-BB21-B07F350C6F44}.Ad-Hoc|x64.Build.0 = Ad-Hoc|iPhone
		{61C1F149-B246-43C5-BB21-B07F350C6F44}.Ad-Hoc|x64.Deploy.0 = Ad-Hoc|iPhone
		{61C1F149-B246-43C5-BB21-B07F350C6F44}.Ad-Hoc|x86.ActiveCfg = Ad-Hoc|iPhone
		{61C1F149-B246-43C5-BB21-B07F350C6F44}.Ad-Hoc|x86.Build.0 = Ad-Hoc|iPhone
		{61C1F149-B246-43C5-BB21-B07F350C6F44}.Ad-Hoc|x86.Deploy.0 = Ad-Hoc|iPhone
		{61C1F149-B246-43C5-BB21-B07F350C6F44}.AppStore|Any CPU.ActiveCfg = AppStore|iPhone
		{61C1F149-B246-43C5-BB21-B07F350C6F44}.AppStore|Any CPU.Build.0 = AppStore|iPhone
		{61C1F149-B246-43C5-BB21-B07F350C6F44}.AppStore|Any CPU.Deploy.0 = AppStore|iPhone
		{61C1F149-B246-43C5-BB21-B07F350C6F44}.AppStore|ARM.ActiveCfg = AppStore|iPhone
		{61C1F149-B246-43C5-BB21-B07F350C6F44}.AppStore|ARM.Build.0 = AppStore|iPhone
		{61C1F149-B246-43C5-BB21-B07F350C6F44}.AppStore|ARM.Deploy.0 = AppStore|iPhone
		{61C1F149-B246-43C5-BB21-B07F350C6F44}.AppStore|iPhone.ActiveCfg = AppStore|iPhone
		{61C1F149-B246-43C5-BB21-B07F350C6F44}.AppStore|iPhone.Build.0 = AppStore|iPhone
		{61C1F149-B246-43C5-BB21-B07F350C6F44}.AppStore|iPhone.Deploy.0 = AppStore|iPhone
		{61C1F149-B246-43C5-BB21-B07F350C6F44}.AppStore|iPhoneSimulator.ActiveCfg = AppStore|iPhoneSimulator
		{61C1F149-B246-43C5-BB21-B07F350C6F44}.AppStore|iPhoneSimulator.Build.0 = AppStore|iPhoneSimulator
		{61C1F149-B246-43C5-BB21-B07F350C6F44}.AppStore|iPhoneSimulator.Deploy.0 = AppStore|iPhoneSimulator
		{61C1F149-B246-43C5-BB21-B07F350C6F44}.AppStore|x64.ActiveCfg = AppStore|iPhone
		{61C1F149-B246-43C5-BB21-B07F350C6F44}.AppStore|x64.Build.0 = AppStore|iPhone
		{61C1F149-B246-43C5-BB21-B07F350C6F44}.AppStore|x64.Deploy.0 = AppStore|iPhone
		{61C1F149-B246-43C5-BB21-B07F350C6F44}.AppStore|x86.ActiveCfg = AppStore|iPhone
		{61C1F149-B246-43C5-BB21-B07F350C6F44}.AppStore|x86.Build.0 = AppStore|iPhone
		{61C1F149-B246-43C5-BB21-B07F350C6F44}.AppStore|x86.Deploy.0 = AppStore|iPhone
		{61C1F149-B246-43C5-BB21-B07F350C6F44}.Debug|Any CPU.ActiveCfg = Debug|iPhoneSimulator
		{61C1F149-B246-43C5-BB21-B07F350C6F44}.Debug|Any CPU.Build.0 = Debug|iPhoneSimulator
		{61C1F149-B246-43C5-BB21-B07F350C6F44}.Debug|Any CPU.Deploy.0 = Debug|iPhoneSimulator
		{61C1F149-B246-43C5-BB21-B07F350C6F44}.Debug|ARM.ActiveCfg = Debug|iPhone
		{61C1F149-B246-43C5-BB21-B07F350C6F44}.Debug|ARM.Build.0 = Debug|iPhone
		{61C1F149-B246-43C5-BB21-B07F350C6F44}.Debug|ARM.Deploy.0 = Debug|iPhone
		{61C1F149-B246-43C5-BB21-B07F350C6F44}.Debug|iPhone.ActiveCfg = Debug|iPhone
		{61C1F149-B246-43C5-BB21-B07F350C6F44}.Debug|iPhone.Build.0 = Debug|iPhone
		{61C1F149-B246-43C5-BB21-B07F350C6F44}.Debug|iPhone.Deploy.0 = Debug|iPhone
		{61C1F149-B246-43C5-BB21-B07F350C6F44}.Debug|iPhoneSimulator.ActiveCfg = Debug|iPhoneSimulator
		{61C1F149-B246-43C5-BB21-B07F350C6F44}.Debug|iPhoneSimulator.Build.0 = Debug|iPhoneSimulator
		{61C1F149-B246-43C5-BB21-B07F350C6F44}.Debug|iPhoneSimulator.Deploy.0 = Debug|iPhoneSimulator
		{61C1F149-B246-43C5-BB21-B07F350C6F44}.Debug|x64.ActiveCfg = Debug|iPhone
		{61C1F149-B246-43C5-BB21-B07F350C6F44}.Debug|x64.Build.0 = Debug|iPhone
		{61C1F149-B246-43C5-BB21-B07F350C6F44}.Debug|x64.Deploy.0 = Debug|iPhone
		{61C1F149-B246-43C5-BB21-B07F350C6F44}.Debug|x86.ActiveCfg = Debug|iPhone
		{61C1F149-B246-43C5-BB21-B07F350C6F44}.Debug|x86.Build.0 = Debug|iPhone
		{61C1F149-B246-43C5-BB21-B07F350C6F44}.Debug|x86.Deploy.0 = Debug|iPhone
		{61C1F149-B246-43C5-BB21-B07F350C6F44}.Release|Any CPU.ActiveCfg = Release|iPhone
		{61C1F149-B246-43C5-BB21-B07F350C6F44}.Release|Any CPU.Build.0 = Release|iPhone
		{61C1F149-B246-43C5-BB21-B07F350C6F44}.Release|Any CPU.Deploy.0 = Release|iPhone
		{61C1F149-B246-43C5-BB21-B07F350C6F44}.Release|ARM.ActiveCfg = Release|iPhone
		{61C1F149-B246-43C5-BB21-B07F350C6F44}.Release|ARM.Build.0 = Release|iPhone
		{61C1F149-B246-43C5-BB21-B07F350C6F44}.Release|ARM.Deploy.0 = Release|iPhone
		{61C1F149-B246-43C5-BB21-B07F350C6F44}.Release|iPhone.ActiveCfg = Release|iPhone
		{61C1F149-B246-43C5-BB21-B07F350C6F44}.Release|iPhone.Build.0 = Release|iPhone
		{61C1F149-B246-43C5-BB21-B07F350C6F44}.Release|iPhone.Deploy.0 = Release|iPhone
		{61C1F149-B246-43C5-BB21-B07F350C6F44}.Release|iPhoneSimulator.ActiveCfg = Release|iPhoneSimulator
		{61C1F149-B246-43C5-BB21-B07F350C6F44}.Release|iPhoneSimulator.Build.0 = Release|iPhoneSimulator
		{61C1F149-B246-43C5-BB21-B07F350C6F44}.Release|iPhoneSimulator.Deploy.0 = Release|iPhoneSimulator
		{61C1F149-B246-43C5-BB21-B07F350C6F44}.Release|x64.ActiveCfg = Release|iPhone
		{61C1F149-B246-43C5-BB21-B07F350C6F44}.Release|x64.Build.0 = Release|iPhone
		{61C1F149-B246-43C5-BB21-B07F350C6F44}.Release|x64.Deploy.0 = Release|iPhone
		{61C1F149-B246-43C5-BB21-B07F350C6F44}.Release|x86.ActiveCfg = Release|iPhone
		{61C1F149-B246-43C5-BB21-B07F350C6F44}.Release|x86.Build.0 = Release|iPhone
		{61C1F149-B246-43C5-BB21-B07F350C6F44}.Release|x86.Deploy.0 = Release|iPhone
		{5DD244C9-9D71-4783-B78E-4529A12FE51F}.Ad-Hoc|Any CPU.ActiveCfg = Release|x86
		{5DD244C9-9D71-4783-B78E-4529A12FE51F}.Ad-Hoc|Any CPU.Build.0 = Release|x86
		{5DD244C9-9D71-4783-B78E-4529A12FE51F}.Ad-Hoc|Any CPU.Deploy.0 = Release|x86
		{5DD244C9-9D71-4783-B78E-4529A12FE51F}.Ad-Hoc|ARM.ActiveCfg = Release|ARM
		{5DD244C9-9D71-4783-B78E-4529A12FE51F}.Ad-Hoc|ARM.Build.0 = Release|ARM
		{5DD244C9-9D71-4783-B78E-4529A12FE51F}.Ad-Hoc|ARM.Deploy.0 = Release|ARM
		{5DD244C9-9D71-4783-B78E-4529A12FE51F}.Ad-Hoc|iPhone.ActiveCfg = Release|x86
		{5DD244C9-9D71-4783-B78E-4529A12FE51F}.Ad-Hoc|iPhone.Build.0 = Release|x86
		{5DD244C9-9D71-4783-B78E-4529A12FE51F}.Ad-Hoc|iPhone.Deploy.0 = Release|x86
		{5DD244C9-9D71-4783-B78E-4529A12FE51F}.Ad-Hoc|iPhoneSimulator.ActiveCfg = Release|x86
		{5DD244C9-9D71-4783-B78E-4529A12FE51F}.Ad-Hoc|iPhoneSimulator.Build.0 = Release|x86
		{5DD244C9-9D71-4783-B78E-4529A12FE51F}.Ad-Hoc|iPhoneSimulator.Deploy.0 = Release|x86
		{5DD244C9-9D71-4783-B78E-4529A12FE51F}.Ad-Hoc|x64.ActiveCfg = Release|x64
		{5DD244C9-9D71-4783-B78E-4529A12FE51F}.Ad-Hoc|x64.Build.0 = Release|x64
		{5DD244C9-9D71-4783-B78E-4529A12FE51F}.Ad-Hoc|x64.Deploy.0 = Release|x64
		{5DD244C9-9D71-4783-B78E-4529A12FE51F}.Ad-Hoc|x86.ActiveCfg = Release|x86
		{5DD244C9-9D71-4783-B78E-4529A12FE51F}.Ad-Hoc|x86.Build.0 = Release|x86
		{5DD244C9-9D71-4783-B78E-4529A12FE51F}.Ad-Hoc|x86.Deploy.0 = Release|x86
		{5DD244C9-9D71-4783-B78E-4529A12FE51F}.AppStore|Any CPU.ActiveCfg = Release|x86
		{5DD244C9-9D71-4783-B78E-4529A12FE51F}.AppStore|Any CPU.Build.0 = Release|x86
		{5DD244C9-9D71-4783-B78E-4529A12FE51F}.AppStore|Any CPU.Deploy.0 = Release|x86
		{5DD244C9-9D71-4783-B78E-4529A12FE51F}.AppStore|ARM.ActiveCfg = Release|ARM
		{5DD244C9-9D71-4783-B78E-4529A12FE51F}.AppStore|ARM.Build.0 = Release|ARM
		{5DD244C9-9D71-4783-B78E-4529A12FE51F}.AppStore|ARM.Deploy.0 = Release|ARM
		{5DD244C9-9D71-4783-B78E-4529A12FE51F}.AppStore|iPhone.ActiveCfg = Release|x86
		{5DD244C9-9D71-4783-B78E-4529A12FE51F}.AppStore|iPhone.Build.0 = Release|x86
		{5DD244C9-9D71-4783-B78E-4529A12FE51F}.AppStore|iPhone.Deploy.0 = Release|x86
		{5DD244C9-9D71-4783-B78E-4529A12FE51F}.AppStore|iPhoneSimulator.ActiveCfg = Release|x86
		{5DD244C9-9D71-4783-B78E-4529A12FE51F}.AppStore|iPhoneSimulator.Build.0 = Release|x86
		{5DD244C9-9D71-4783-B78E-4529A12FE51F}.AppStore|iPhoneSimulator.Deploy.0 = Release|x86
		{5DD244C9-9D71-4783-B78E-4529A12FE51F}.AppStore|x64.ActiveCfg = Release|x64
		{5DD244C9-9D71-4783-B78E-4529A12FE51F}.AppStore|x64.Build.0 = Release|x64
		{5DD244C9-9D71-4783-B78E-4529A12FE51F}.AppStore|x64.Deploy.0 = Release|x64
		{5DD244C9-9D71-4783-B78E-4529A12FE51F}.AppStore|x86.ActiveCfg = Release|x86
		{5DD244C9-9D71-4783-B78E-4529A12FE51F}.AppStore|x86.Build.0 = Release|x86
		{5DD244C9-9D71-4783-B78E-4529A12FE51F}.AppStore|x86.Deploy.0 = Release|x86
		{5DD244C9-9D71-4783-B78E-4529A12FE51F}.Debug|Any CPU.ActiveCfg = Debug|x86
		{5DD244C9-9D71-4783-B78E-4529A12FE51F}.Debug|Any CPU.Build.0 = Debug|x86
		{5DD244C9-9D71-4783-B78E-4529A12FE51F}.Debug|Any CPU.Deploy.0 = Debug|x86
		{5DD244C9-9D71-4783-B78E-4529A12FE51F}.Debug|ARM.ActiveCfg = Debug|ARM
		{5DD244C9-9D71-4783-B78E-4529A12FE51F}.Debug|ARM.Build.0 = Debug|ARM
		{5DD244C9-9D71-4783-B78E-4529A12FE51F}.Debug|ARM.Deploy.0 = Debug|ARM
		{5DD244C9-9D71-4783-B78E-4529A12FE51F}.Debug|iPhone.ActiveCfg = Debug|x86
		{5DD244C9-9D71-4783-B78E-4529A12FE51F}.Debug|iPhone.Build.0 = Debug|x86
		{5DD244C9-9D71-4783-B78E-4529A12FE51F}.Debug|iPhone.Deploy.0 = Debug|x86
		{5DD244C9-9D71-4783-B78E-4529A12FE51F}.Debug|iPhoneSimulator.ActiveCfg = Debug|x86
		{5DD244C9-9D71-4783-B78E-4529A12FE51F}.Debug|iPhoneSimulator.Build.0 = Debug|x86
		{5DD244C9-9D71-4783-B78E-4529A12FE51F}.Debug|iPhoneSimulator.Deploy.0 = Debug|x86
		{5DD244C9-9D71-4783-B78E-4529A12FE51F}.Debug|x64.ActiveCfg = Debug|x64
		{5DD244C9-9D71-4783-B78E-4529A12FE51F}.Debug|x64.Build.0 = Debug|x64
		{5DD244C9-9D71-4783-B78E-4529A12FE51F}.Debug|x64.Deploy.0 = Debug|x64
		{5DD244C9-9D71-4783-B78E-4529A12FE51F}.Debug|x86.ActiveCfg = Debug|x86
		{5DD244C9-9D71-4783-B78E-4529A12FE51F}.Debug|x86.Build.0 = Debug|x86
		{5DD244C9-9D71-4783-B78E-4529A12FE51F}.Debug|x86.Deploy.0 = Debug|x86
		{5DD244C9-9D71-4783-B78E-4529A12FE51F}.Release|Any CPU.ActiveCfg = Release|x86
		{5DD244C9-9D71-4783-B78E-4529A12FE51F}.Release|Any CPU.Build.0 = Release|x86
		{5DD244C9-9D71-4783-B78E-4529A12FE51F}.Release|Any CPU.Deploy.0 = Release|x86
		{5DD244C9-9D71-4783-B78E-4529A12FE51F}.Release|ARM.ActiveCfg = Release|ARM
		{5DD244C9-9D71-4783-B78E-4529A12FE51F}.Release|ARM.Build.0 = Release|ARM
		{5DD244C9-9D71-4783-B78E-4529A12FE51F}.Release|ARM.Deploy.0 = Release|ARM
		{5DD244C9-9D71-4783-B78E-4529A12FE51F}.Release|iPhone.ActiveCfg = Release|x86
		{5DD244C9-9D71-4783-B78E-4529A12FE51F}.Release|iPhone.Build.0 = Release|x86
		{5DD244C9-9D71-4783-B78E-4529A12FE51F}.Release|iPhone.Deploy.0 = Release|x86
		{5DD244C9-9D71-4783-B78E-4529A12FE51F}.Release|iPhoneSimulator.ActiveCfg = Release|x86
		{5DD244C9-9D71-4783-B78E-4529A12FE51F}.Release|iPhoneSimulator.Build.0 = Release|x86
		{5DD244C9-9D71-4783-B78E-4529A12FE51F}.Release|iPhoneSimulator.Deploy.0 = Release|x86
		{5DD244C9-9D71-4783-B78E-4529A12FE51F}.Release|x64.ActiveCfg = Release|x64
		{5DD244C9-9D71-4783-B78E-4529A12FE51F}.Release|x64.Build.0 = Release|x64
		{5DD244C9-9D71-4783-B78E-4529A12FE51F}.Release|x64.Deploy.0 = Release|x64
		{5DD244C9-9D71-4783-B78E-4529A12FE51F}.Release|x86.ActiveCfg = Release|x86
		{5DD244C9-9D71-4783-B78E-4529A12FE51F}.Release|x86.Build.0 = Release|x86
		{5DD244C9-9D71-4783-B78E-4529A12FE51F}.Release|x86.Deploy.0 = Release|x86
		{15F2DE19-7087-4945-A3F2-8C22148A8014}.Ad-Hoc|Any CPU.ActiveCfg = Debug|Any CPU
		{15F2DE19-7087-4945-A3F2-8C22148A8014}.Ad-Hoc|Any CPU.Build.0 = Debug|Any CPU
		{15F2DE19-7087-4945-A3F2-8C22148A8014}.Ad-Hoc|Any CPU.Deploy.0 = Debug|Any CPU
		{15F2DE19-7087-4945-A3F2-8C22148A8014}.Ad-Hoc|ARM.ActiveCfg = Debug|Any CPU
		{15F2DE19-7087-4945-A3F2-8C22148A8014}.Ad-Hoc|ARM.Build.0 = Debug|Any CPU
		{15F2DE19-7087-4945-A3F2-8C22148A8014}.Ad-Hoc|ARM.Deploy.0 = Debug|Any CPU
		{15F2DE19-7087-4945-A3F2-8C22148A8014}.Ad-Hoc|iPhone.ActiveCfg = Debug|Any CPU
		{15F2DE19-7087-4945-A3F2-8C22148A8014}.Ad-Hoc|iPhone.Build.0 = Debug|Any CPU
		{15F2DE19-7087-4945-A3F2-8C22148A8014}.Ad-Hoc|iPhone.Deploy.0 = Debug|Any CPU
		{15F2DE19-7087-4945-A3F2-8C22148A8014}.Ad-Hoc|iPhoneSimulator.ActiveCfg = Debug|Any CPU
		{15F2DE19-7087-4945-A3F2-8C22148A8014}.Ad-Hoc|iPhoneSimulator.Build.0 = Debug|Any CPU
		{15F2DE19-7087-4945-A3F2-8C22148A8014}.Ad-Hoc|iPhoneSimulator.Deploy.0 = Debug|Any CPU
		{15F2DE19-7087-4945-A3F2-8C22148A8014}.Ad-Hoc|x64.ActiveCfg = Debug|Any CPU
		{15F2DE19-7087-4945-A3F2-8C22148A8014}.Ad-Hoc|x64.Build.0 = Debug|Any CPU
		{15F2DE19-7087-4945-A3F2-8C22148A8014}.Ad-Hoc|x64.Deploy.0 = Debug|Any CPU
		{15F2DE19-7087-4945-A3F2-8C22148A8014}.Ad-Hoc|x86.ActiveCfg = Debug|Any CPU
		{15F2DE19-7087-4945-A3F2-8C22148A8014}.Ad-Hoc|x86.Build.0 = Debug|Any CPU
		{15F2DE19-7087-4945-A3F2-8C22148A8014}.Ad-Hoc|x86.Deploy.0 = Debug|Any CPU
		{15F2DE19-7087-4945-A3F2-8C22148A8014}.AppStore|Any CPU.ActiveCfg = Debug|Any CPU
		{15F2DE19-7087-4945-A3F2-8C22148A8014}.AppStore|Any CPU.Build.0 = Debug|Any CPU
		{15F2DE19-7087-4945-A3F2-8C22148A8014}.AppStore|Any CPU.Deploy.0 = Debug|Any CPU
		{15F2DE19-7087-4945-A3F2-8C22148A8014}.AppStore|ARM.ActiveCfg = Debug|Any CPU
		{15F2DE19-7087-4945-A3F2-8C22148A8014}.AppStore|ARM.Build.0 = Debug|Any CPU
		{15F2DE19-7087-4945-A3F2-8C22148A8014}.AppStore|ARM.Deploy.0 = Debug|Any CPU
		{15F2DE19-7087-4945-A3F2-8C22148A8014}.AppStore|iPhone.ActiveCfg = Debug|Any CPU
		{15F2DE19-7087-4945-A3F2-8C22148A8014}.AppStore|iPhone.Build.0 = Debug|Any CPU
		{15F2DE19-7087-4945-A3F2-8C22148A8014}.AppStore|iPhone.Deploy.0 = Debug|Any CPU
		{15F2DE19-7087-4945-A3F2-8C22148A8014}.AppStore|iPhoneSimulator.ActiveCfg = Debug|Any CPU
		{15F2DE19-7087-4945-A3F2-8C22148A8014}.AppStore|iPhoneSimulator.Build.0 = Debug|Any CPU
		{15F2DE19-7087-4945-A3F2-8C22148A8014}.AppStore|iPhoneSimulator.Deploy.0 = Debug|Any CPU
		{15F2DE19-7087-4945-A3F2-8C22148A8014}.AppStore|x64.ActiveCfg = Debug|Any CPU
		{15F2DE19-7087-4945-A3F2-8C22148A8014}.AppStore|x64.Build.0 = Debug|Any CPU
		{15F2DE19-7087-4945-A3F2-8C22148A8014}.AppStore|x64.Deploy.0 = Debug|Any CPU
		{15F2DE19-7087-4945-A3F2-8C22148A8014}.AppStore|x86.ActiveCfg = Debug|Any CPU
		{15F2DE19-7087-4945-A3F2-8C22148A8014}.AppStore|x86.Build.0 = Debug|Any CPU
		{15F2DE19-7087-4945-A3F2-8C22148A8014}.AppStore|x86.Deploy.0 = Debug|Any CPU
		{15F2DE19-7087-4945-A3F2-8C22148A8014}.Debug|Any CPU.ActiveCfg = Debug|Any CPU
		{15F2DE19-7087-4945-A3F2-8C22148A8014}.Debug|Any CPU.Build.0 = Debug|Any CPU
		{15F2DE19-7087-4945-A3F2-8C22148A8014}.Debug|Any CPU.Deploy.0 = Debug|Any CPU
		{15F2DE19-7087-4945-A3F2-8C22148A8014}.Debug|ARM.ActiveCfg = Debug|Any CPU
		{15F2DE19-7087-4945-A3F2-8C22148A8014}.Debug|ARM.Build.0 = Debug|Any CPU
		{15F2DE19-7087-4945-A3F2-8C22148A8014}.Debug|ARM.Deploy.0 = Debug|Any CPU
		{15F2DE19-7087-4945-A3F2-8C22148A8014}.Debug|iPhone.ActiveCfg = Debug|Any CPU
		{15F2DE19-7087-4945-A3F2-8C22148A8014}.Debug|iPhone.Build.0 = Debug|Any CPU
		{15F2DE19-7087-4945-A3F2-8C22148A8014}.Debug|iPhone.Deploy.0 = Debug|Any CPU
		{15F2DE19-7087-4945-A3F2-8C22148A8014}.Debug|iPhoneSimulator.ActiveCfg = Debug|Any CPU
		{15F2DE19-7087-4945-A3F2-8C22148A8014}.Debug|iPhoneSimulator.Build.0 = Debug|Any CPU
		{15F2DE19-7087-4945-A3F2-8C22148A8014}.Debug|iPhoneSimulator.Deploy.0 = Debug|Any CPU
		{15F2DE19-7087-4945-A3F2-8C22148A8014}.Debug|x64.ActiveCfg = Debug|Any CPU
		{15F2DE19-7087-4945-A3F2-8C22148A8014}.Debug|x64.Build.0 = Debug|Any CPU
		{15F2DE19-7087-4945-A3F2-8C22148A8014}.Debug|x64.Deploy.0 = Debug|Any CPU
		{15F2DE19-7087-4945-A3F2-8C22148A8014}.Debug|x86.ActiveCfg = Debug|Any CPU
		{15F2DE19-7087-4945-A3F2-8C22148A8014}.Debug|x86.Build.0 = Debug|Any CPU
		{15F2DE19-7087-4945-A3F2-8C22148A8014}.Debug|x86.Deploy.0 = Debug|Any CPU
		{15F2DE19-7087-4945-A3F2-8C22148A8014}.Release|Any CPU.ActiveCfg = Release|Any CPU
		{15F2DE19-7087-4945-A3F2-8C22148A8014}.Release|Any CPU.Build.0 = Release|Any CPU
		{15F2DE19-7087-4945-A3F2-8C22148A8014}.Release|Any CPU.Deploy.0 = Release|Any CPU
		{15F2DE19-7087-4945-A3F2-8C22148A8014}.Release|ARM.ActiveCfg = Release|Any CPU
		{15F2DE19-7087-4945-A3F2-8C22148A8014}.Release|ARM.Build.0 = Release|Any CPU
		{15F2DE19-7087-4945-A3F2-8C22148A8014}.Release|ARM.Deploy.0 = Release|Any CPU
		{15F2DE19-7087-4945-A3F2-8C22148A8014}.Release|iPhone.ActiveCfg = Release|Any CPU
		{15F2DE19-7087-4945-A3F2-8C22148A8014}.Release|iPhone.Build.0 = Release|Any CPU
		{15F2DE19-7087-4945-A3F2-8C22148A8014}.Release|iPhone.Deploy.0 = Release|Any CPU
		{15F2DE19-7087-4945-A3F2-8C22148A8014}.Release|iPhoneSimulator.ActiveCfg = Release|Any CPU
		{15F2DE19-7087-4945-A3F2-8C22148A8014}.Release|iPhoneSimulator.Build.0 = Release|Any CPU
		{15F2DE19-7087-4945-A3F2-8C22148A8014}.Release|iPhoneSimulator.Deploy.0 = Release|Any CPU
		{15F2DE19-7087-4945-A3F2-8C22148A8014}.Release|x64.ActiveCfg = Release|Any CPU
		{15F2DE19-7087-4945-A3F2-8C22148A8014}.Release|x64.Build.0 = Release|Any CPU
		{15F2DE19-7087-4945-A3F2-8C22148A8014}.Release|x64.Deploy.0 = Release|Any CPU
		{15F2DE19-7087-4945-A3F2-8C22148A8014}.Release|x86.ActiveCfg = Release|Any CPU
		{15F2DE19-7087-4945-A3F2-8C22148A8014}.Release|x86.Build.0 = Release|Any CPU
		{15F2DE19-7087-4945-A3F2-8C22148A8014}.Release|x86.Deploy.0 = Release|Any CPU
	EndGlobalSection
	GlobalSection(SolutionProperties) = preSolution
		HideSolutionNode = FALSE
	EndGlobalSection
	GlobalSection(ExtensibilityGlobals) = postSolution
		SolutionGuid = {EDEA6FAB-ABFE-40D5-8AD3-94CC7B902869}
	EndGlobalSection
EndGlobal
